<?xml version="1.0" encoding="utf-8"?>
<Project ToolsVersion="4.0" xmlns="http://schemas.microsoft.com/developer/msbuild/2003">
  <ItemGroup>
    <Filter Include="Source Files">
      <UniqueIdentifier>{4FC737F1-C7A5-4376-A066-2A32D752A2FF}</UniqueIdentifier>
      <Extensions>cpp;c;cc;cxx;def;odl;idl;hpj;bat;asm;asmx</Extensions>
    </Filter>
    <Filter Include="Header Files">
      <UniqueIdentifier>{93995380-89BD-4b04-88EB-625FBE52EBFB}</UniqueIdentifier>
      <Extensions>h;hpp;hxx;hm;inl;inc;xsd</Extensions>
    </Filter>
    <Filter Include="Resource Files">
      <UniqueIdentifier>{67DA6AB6-F800-4c08-8B7A-83BB121AAD01}</UniqueIdentifier>
      <Extensions>rc;ico;cur;bmp;dlg;rc2;rct;bin;rgs;gif;jpg;jpeg;jpe;resx;tiff;tif;png;wav;mfcribbon-ms</Extensions>
    </Filter>
    <Filter Include="Header Files\core-util">
      <UniqueIdentifier>{329ea97f-2bc6-4288-ba7b-59ced0cefed7}</UniqueIdentifier>
    </Filter>
    <Filter Include="Header Files\core-system">
      <UniqueIdentifier>{62c7536c-76c9-487c-b20e-b34e65fe4bad}</UniqueIdentifier>
    </Filter>
    <Filter Include="Header Files\core-util\scene components">
      <UniqueIdentifier>{8f984233-3096-4005-b83b-ac8490020791}</UniqueIdentifier>
    </Filter>
    <Filter Include="Header Files\core-util\resource">
      <UniqueIdentifier>{762811da-a4f6-472d-be20-c24b39bc36c5}</UniqueIdentifier>
    </Filter>
    <Filter Include="Header Files\core-system\physics">
      <UniqueIdentifier>{ae3a8600-9a41-47a3-b605-41641abb4fad}</UniqueIdentifier>
    </Filter>
    <Filter Include="Header Files\core-system\rendering">
      <UniqueIdentifier>{ac889305-6fce-45b3-bb6a-ad72b35af8c7}</UniqueIdentifier>
    </Filter>
  </ItemGroup>
  <ItemGroup>
    <ClCompile Include="test_main.cpp">
      <Filter>Source Files</Filter>
    </ClCompile>
    <ClCompile Include="core.cpp">
      <Filter>Header Files\core-system</Filter>
    </ClCompile>
    <ClCompile Include="Engine.cpp">
      <Filter>Header Files</Filter>
    </ClCompile>
    <ClCompile Include="Input.cpp">
      <Filter>Header Files\core-system</Filter>
    </ClCompile>
    <ClCompile Include="Timer.cpp">
      <Filter>Header Files\core-system</Filter>
    </ClCompile>
    <ClCompile Include="RigidCube.cpp">
      <Filter>Header Files\core-util\scene components</Filter>
    </ClCompile>
    <ClCompile Include="Debug.cpp">
      <Filter>Header Files\core-util</Filter>
    </ClCompile>
    <ClCompile Include="RigidSphere.cpp">
      <Filter>Header Files\core-util\scene components</Filter>
    </ClCompile>
    <ClCompile Include="DirectionalLight.cpp">
      <Filter>Header Files\core-util\scene components</Filter>
    </ClCompile>
    <ClCompile Include="resources.cpp">
      <Filter>Header Files\core-util\resource</Filter>
    </ClCompile>
    <ClCompile Include="PNGResource.cpp">
      <Filter>Header Files\core-util\resource</Filter>
    </ClCompile>
    <ClCompile Include="BMPResource.cpp">
      <Filter>Header Files\core-util\resource</Filter>
    </ClCompile>
    <ClCompile Include="ALight.cpp">
      <Filter>Header Files\core-system\rendering</Filter>
    </ClCompile>
    <ClCompile Include="ArrayBuffer.cpp">
      <Filter>Header Files\core-system\rendering</Filter>
    </ClCompile>
    <ClCompile Include="AScene.cpp">
      <Filter>Header Files\core-system\rendering</Filter>
    </ClCompile>
    <ClCompile Include="ASceneComponent.cpp">
      <Filter>Header Files\core-system\rendering</Filter>
    </ClCompile>
    <ClCompile Include="Camera.cpp">
      <Filter>Header Files\core-system\rendering</Filter>
    </ClCompile>
    <ClCompile Include="Mesh.cpp">
      <Filter>Header Files\core-system\rendering</Filter>
    </ClCompile>
    <ClCompile Include="Transform.cpp">
      <Filter>Header Files\core-system\rendering</Filter>
    </ClCompile>
    <ClCompile Include="RigidBody.cpp">
      <Filter>Header Files\core-system\physics</Filter>
    </ClCompile>
    <ClCompile Include="FrameBuffer.cpp">
      <Filter>Header Files\core-system\rendering</Filter>
    </ClCompile>
    <ClCompile Include="Sampler.cpp">
      <Filter>Header Files\core-system\rendering</Filter>
    </ClCompile>
    <ClCompile Include="ShaderChef.cpp">
      <Filter>Header Files\core-system\rendering</Filter>
    </ClCompile>
    <ClCompile Include="ShaderProgram.cpp">
      <Filter>Header Files\core-system\rendering</Filter>
    </ClCompile>
    <ClCompile Include="Texture.cpp">
      <Filter>Header Files\core-system\rendering</Filter>
    </ClCompile>
    <ClCompile Include="shapes.cpp">
      <Filter>Header Files\core-system\physics</Filter>
    </ClCompile>
    <ClCompile Include="Collision.cpp">
      <Filter>Header Files\core-system\physics</Filter>
    </ClCompile>
    <ClCompile Include="GJK_EPA.cpp">
      <Filter>Header Files\core-system\physics</Filter>
    </ClCompile>
    <ClCompile Include="ConvexHull.cpp">
      <Filter>Header Files\core-system\physics</Filter>
    </ClCompile>
    <ClCompile Include="tools.cpp">
      <Filter>Header Files\core-system\physics</Filter>
    </ClCompile>
  </ItemGroup>
  <ItemGroup>
    <ClInclude Include="core.h">
      <Filter>Header Files\core-system</Filter>
    </ClInclude>
    <ClInclude Include="Engine.h">
      <Filter>Header Files</Filter>
    </ClInclude>
    <ClInclude Include="Input.h">
      <Filter>Header Files\core-system</Filter>
    </ClInclude>
    <ClInclude Include="Timer.h">
      <Filter>Header Files\core-system</Filter>
    </ClInclude>
    <ClInclude Include="RigidCube.h">
      <Filter>Header Files\core-util\scene components</Filter>
    </ClInclude>
    <ClInclude Include="Debug.h">
      <Filter>Header Files\core-util</Filter>
    </ClInclude>
    <ClInclude Include="RigidSphere.h">
      <Filter>Header Files\core-util\scene components</Filter>
    </ClInclude>
    <ClInclude Include="DirectionalLight.h">
      <Filter>Header Files\core-util\scene components</Filter>
    </ClInclude>
    <ClInclude Include="resources.h">
      <Filter>Header Files\core-util\resource</Filter>
    </ClInclude>
    <ClInclude Include="PNGResource.h">
      <Filter>Header Files\core-util\resource</Filter>
    </ClInclude>
    <ClInclude Include="BMPResource.h">
      <Filter>Header Files\core-util\resource</Filter>
    </ClInclude>
    <ClInclude Include="ALight.h">
      <Filter>Header Files\core-system\rendering</Filter>
    </ClInclude>
    <ClInclude Include="ArrayBuffer.h">
      <Filter>Header Files\core-system\rendering</Filter>
    </ClInclude>
    <ClInclude Include="AScene.h">
      <Filter>Header Files\core-system\rendering</Filter>
    </ClInclude>
    <ClInclude Include="ASceneComponent.h">
      <Filter>Header Files\core-system\rendering</Filter>
    </ClInclude>
    <ClInclude Include="Camera.h">
      <Filter>Header Files\core-system\rendering</Filter>
    </ClInclude>
    <ClInclude Include="Mesh.h">
      <Filter>Header Files\core-system\rendering</Filter>
    </ClInclude>
    <ClInclude Include="Transform.h">
      <Filter>Header Files\core-system\rendering</Filter>
    </ClInclude>
    <ClInclude Include="RigidBody.h">
      <Filter>Header Files\core-system\physics</Filter>
    </ClInclude>
    <ClInclude Include="FrameBuffer.h">
      <Filter>Header Files\core-system\rendering</Filter>
    </ClInclude>
    <ClInclude Include="primitives.hpp">
      <Filter>Header Files\core-system\rendering</Filter>
    </ClInclude>
    <ClInclude Include="Sampler.h">
      <Filter>Header Files\core-system\rendering</Filter>
    </ClInclude>
    <ClInclude Include="ShaderChef.h">
      <Filter>Header Files\core-system\rendering</Filter>
    </ClInclude>
    <ClInclude Include="ShaderProgram.h">
      <Filter>Header Files\core-system\rendering</Filter>
    </ClInclude>
    <ClInclude Include="Texture.h">
      <Filter>Header Files\core-system\rendering</Filter>
    </ClInclude>
    <ClInclude Include="shapes.h">
      <Filter>Header Files\core-system\physics</Filter>
    </ClInclude>
    <ClInclude Include="Collision.h">
      <Filter>Header Files\core-system\physics</Filter>
    </ClInclude>
    <ClInclude Include="GJK_EPA.h">
      <Filter>Header Files\core-system\physics</Filter>
    </ClInclude>
    <ClInclude Include="ConvexHull.h">
      <Filter>Header Files\core-system\physics</Filter>
    </ClInclude>
    <ClInclude Include="tools.h">
      <Filter>Header Files\core-system\physics</Filter>
    </ClInclude>
  </ItemGroup>
</Project>